{
  "nodes": {
    "flake-utils": {
      "inputs": {
        "systems": "systems"
      },
      "locked": {
        "lastModified": 1689068808,
        "narHash": "sha256-6ixXo3wt24N/melDWjq70UuHQLxGV8jZvooRanIHXw0=",
        "owner": "numtide",
        "repo": "flake-utils",
        "rev": "919d646de7be200f3bf08cb76ae1f09402b6f9b4",
        "type": "github"
      },
      "original": {
        "owner": "numtide",
        "repo": "flake-utils",
        "type": "github"
      }
    },
    "nixGL": {
      "inputs": {
        "flake-utils": [
          "flake-utils"
        ],
        "nixpkgs": [
          "nixpkgs"
        ]
      },
      "locked": {
        "lastModified": 1713543440,
        "narHash": "sha256-lnzZQYG0+EXl/6NkGpyIz+FEOc/DSEG57AP1VsdeNrM=",
        "owner": "nix-community",
        "repo": "nixGL",
        "rev": "310f8e49a149e4c9ea52f1adf70cdc768ec53f8a",
        "type": "github"
      },
      "original": {
        "owner": "nix-community",
        "repo": "nixGL",
        "type": "github"
      }
    },
    "nixpkgs": {
      "locked": {
        "lastModified": 1710162809,
        "narHash": "sha256-i2R2bcnQp+85de67yjgZVvJhd6rRnJbSYNpGmB6Leb8=",
        "owner": "NixOS",
        "repo": "nixpkgs",
        "rev": "ddcd7598b2184008c97e6c9c6a21c5f37590b8d2",
        "type": "github"
      },
      "original": {
        "id": "nixpkgs",
        "ref": "nixos-23.11",
        "type": "indirect"
      }
    },
    "proj-repo": {
      "inputs": {
        "flake-utils": [
          "flake-utils"
        ],
        "nixpkgs": [
          "nixpkgs"
        ],
        "python38-nixpkgs": "python38-nixpkgs"
      },
      "locked": {
        "lastModified": 1780709897,
        "narHash": "sha256-55VJWpNnt/tMEP8tadRQSI66cX1BgJS9UNy/EkaQt3A=",
        "ref": "refs/heads/master",
        "rev": "18d04112d94ee0a1c173a30923aac9fa2b505539",
        "revCount": 160,
        "type": "git",
        "url": "https://git.sr.ht/~lockshaw/proj"
      },
      "original": {
        "type": "git",
        "url": "https://git.sr.ht/~lockshaw/proj"
      }
    },
    "python38-nixpkgs": {
      "locked": {
        "lastModified": 1645131486,
        "narHash": "sha256-AuWJe0TiqHD6L7Vzcar4QOblMGubKHsuVs3YFMCRYl0=",
        "owner": "nixos",
        "repo": "nixpkgs",
        "rev": "7592790b9e02f7f99ddcb1bd33fd44ff8df6a9a7",
        "type": "github"
      },
      "original": {
        "owner": "nixos",
        "repo": "nixpkgs",
        "rev": "7592790b9e02f7f99ddcb1bd33fd44ff8df6a9a7",
        "type": "github"
      }
    },
    "root": {
      "inputs": {
        "flake-utils": "flake-utils",
        "nixGL": "nixGL",
        "nixpkgs": "nixpkgs",
        "proj-repo": "proj-repo"
      }
    },
    "systems": {
      "locked": {
        "lastModified": 1681028828,
        "narHash": "sha256-Vy1rq5AaRuLzOxct8nz4T6wlgyUR7zLU309k9mBC768=",
        "owner": "nix-systems",
        "repo": "default",
        "rev": "da67096a3b9bf56a91d16901293e51ba5b49a27e",
        "type": "github"
      },
      "original": {
        "owner": "nix-systems",
        "repo": "default",
        "type": "github"
      }
    }
  },
  "root": "root",
  "version": 7
}
